{
  "name": "aws-java-simple-http-endpoint",
  "version": "1.0.0",
  "lockfileVersion": 1,
  "requires": true,
  "dependencies": {
    "serverless-whitesource": {
      "version": "1.0.25",
      "resolved": "https://registry.npmjs.org/serverless-whitesource/-/serverless-whitesource-1.0.25.tgz",
      "integrity": "sha512-St7qmXxmAxzEJklj22ThCI8NWifsB5kCDzsAHOQx9sJ8FY+oXhApjLI4vuFDB3VgKORH3DXnJZT32g1QBQIktQ=="
    }
  }
}
