{
  "name": "aws-node-stripe-integration",
  "version": "1.0.0",
  "lockfileVersion": 1,
  "requires": true,
  "dependencies": {
    "serverless-whitesource": {
      "version": "1.0.18",
      "resolved": "https://registry.npmjs.org/serverless-whitesource/-/serverless-whitesource-1.0.18.tgz",
      "integrity": "sha512-zPtF9JQvzHq9kTBJJXWsOFyWOj7zO43j06rE/o2hiYYwx0lRaSDVvDyFEuHgglBlrLfbYZDI6HBFD9cwSeKlmg=="
    }
  }
}
